
Microsoft Visual Studio Solution File, Format Version 12.00
# Visual Studio Version 16
VisualStudioVersion = 16.0.29503.13
MinimumVisualStudioVersion = 10.0.40219.1
Project("{9A19103F-16F7-4668-BE54-9A1E7A4F7556}") = "PokePlannerApi", "PokePlannerApi\PokePlannerApi.csproj", "{1A34A867-81D2-4D9D-9D77-601BB66EBA02}"
EndProject
Project("{FAE04EC0-301F-11D3-BF4B-00C04F79EFBC}") = "PokePlannerApi.Data", "PokePlannerApi.Data\PokePlannerApi.Data.csproj", "{A07B301D-698D-41C3-8006-025401913622}"
EndProject
Project("{9A19103F-16F7-4668-BE54-9A1E7A4F7556}") = "PokePlannerApi.Tests", "PokePlannerApi.Tests\PokePlannerApi.Tests.csproj", "{B14E20C2-0E8B-4A3F-A8F5-578AD17B9E2F}"
EndProject
Project("{9A19103F-16F7-4668-BE54-9A1E7A4F7556}") = "PokePlannerApi.Clients", "PokePlannerApi.Clients\PokePlannerApi.Clients.csproj", "{5C2BCDD5-ABB7-4535-9A2A-C8A7BEFFF356}"
EndProject
Project("{2150E333-8FDC-42A3-9474-1A3956D46DE8}") = "Solution Items", "Solution Items", "{16FCB616-8697-4D41-B9A0-86AECF240826}"
EndProject
Project("{FAE04EC0-301F-11D3-BF4B-00C04F79EFBC}") = "PokePlannerApi.Models", "PokePlannerApi.Models\PokePlannerApi.Models.csproj", "{0BF47732-445E-4A3A-A67E-5F491470D8C8}"
EndProject
Global
	GlobalSection(SolutionConfigurationPlatforms) = preSolution
		Debug|Any CPU = Debug|Any CPU
		Release|Any CPU = Release|Any CPU
	EndGlobalSection
	GlobalSection(ProjectConfigurationPlatforms) = postSolution
		{1A34A867-81D2-4D9D-9D77-601BB66EBA02}.Debug|Any CPU.ActiveCfg = Debug|Any CPU
		{1A34A867-81D2-4D9D-9D77-601BB66EBA02}.Debug|Any CPU.Build.0 = Debug|Any CPU
		{1A34A867-81D2-4D9D-9D77-601BB66EBA02}.Release|Any CPU.ActiveCfg = Release|Any CPU
		{1A34A867-81D2-4D9D-9D77-601BB66EBA02}.Release|Any CPU.Build.0 = Release|Any CPU
		{A07B301D-698D-41C3-8006-025401913622}.Debug|Any CPU.ActiveCfg = Debug|Any CPU
		{A07B301D-698D-41C3-8006-025401913622}.Debug|Any CPU.Build.0 = Debug|Any CPU
		{A07B301D-698D-41C3-8006-025401913622}.Release|Any CPU.ActiveCfg = Release|Any CPU
		{A07B301D-698D-41C3-8006-025401913622}.Release|Any CPU.Build.0 = Release|Any CPU
		{B14E20C2-0E8B-4A3F-A8F5-578AD17B9E2F}.Debug|Any CPU.ActiveCfg = Debug|Any CPU
		{B14E20C2-0E8B-4A3F-A8F5-578AD17B9E2F}.Debug|Any CPU.Build.0 = Debug|Any CPU
		{B14E20C2-0E8B-4A3F-A8F5-578AD17B9E2F}.Release|Any CPU.ActiveCfg = Release|Any CPU
		{B14E20C2-0E8B-4A3F-A8F5-578AD17B9E2F}.Release|Any CPU.Build.0 = Release|Any CPU
		{5C2BCDD5-ABB7-4535-9A2A-C8A7BEFFF356}.Debug|Any CPU.ActiveCfg = Debug|Any CPU
		{5C2BCDD5-ABB7-4535-9A2A-C8A7BEFFF356}.Debug|Any CPU.Build.0 = Debug|Any CPU
		{5C2BCDD5-ABB7-4535-9A2A-C8A7BEFFF356}.Release|Any CPU.ActiveCfg = Release|Any CPU
		{5C2BCDD5-ABB7-4535-9A2A-C8A7BEFFF356}.Release|Any CPU.Build.0 = Release|Any CPU
		{0BF47732-445E-4A3A-A67E-5F491470D8C8}.Debug|Any CPU.ActiveCfg = Debug|Any CPU
		{0BF47732-445E-4A3A-A67E-5F491470D8C8}.Debug|Any CPU.Build.0 = Debug|Any CPU
		{0BF47732-445E-4A3A-A67E-5F491470D8C8}.Release|Any CPU.ActiveCfg = Release|Any CPU
		{0BF47732-445E-4A3A-A67E-5F491470D8C8}.Release|Any CPU.Build.0 = Release|Any CPU
	EndGlobalSection
	GlobalSection(SolutionProperties) = preSolution
		HideSolutionNode = FALSE
	EndGlobalSection
	GlobalSection(ExtensibilityGlobals) = postSolution
		SolutionGuid = {E6B0768A-7C72-49EB-995B-FAE8804F6A29}
	EndGlobalSection
EndGlobal
